// !$*UTF8*$!
{
	archiveVersion = 1;
	classes = {
	};
	objectVersion = 56;
	objects = {

/* Begin PBXBuildFile section */
		9E8FCDCC2A78CB2800A78BED /* AppDelegate.swift in Sources */ = {isa = PBXBuildFile; fileRef = 9E8FCDCB2A78CB2800A78BED /* AppDelegate.swift */; };
		9E8FCDCE2A78CB2800A78BED /* SceneDelegate.swift in Sources */ = {isa = PBXBuildFile; fileRef = 9E8FCDCD2A78CB2800A78BED /* SceneDelegate.swift */; };
		9E8FCDD02A78CB2800A78BED /* ViewController.swift in Sources */ = {isa = PBXBuildFile; fileRef = 9E8FCDCF2A78CB2800A78BED /* ViewController.swift */; };
		9E8FCDD52A78CB2C00A78BED /* Assets.xcassets in Resources */ = {isa = PBXBuildFile; fileRef = 9E8FCDD42A78CB2C00A78BED /* Assets.xcassets */; };
		9E8FCDD82A78CB2C00A78BED /* LaunchScreen.storyboard in Resources */ = {isa = PBXBuildFile; fileRef = 9E8FCDD62A78CB2C00A78BED /* LaunchScreen.storyboard */; };
		9E8FCDE22A78CD9300A78BED /* WaterView.swift in Sources */ = {isa = PBXBuildFile; fileRef = 9E8FCDE12A78CD9300A78BED /* WaterView.swift */; };
		9E8FCDE62A78D42900A78BED /* DateExtension.swift in Sources */ = {isa = PBXBuildFile; fileRef = 9E8FCDE52A78D42900A78BED /* DateExtension.swift */; };
		9E8FCDE82A78E0CB00A78BED /* WaterDataManager.swift in Sources */ = {isa = PBXBuildFile; fileRef = 9E8FCDE72A78E0CB00A78BED /* WaterDataManager.swift */; };
		9EBF376C2A79FF3B007B5329 /* SettingsView.swift in Sources */ = {isa = PBXBuildFile; fileRef = 9EBF376B2A79FF3B007B5329 /* SettingsView.swift */; };
		9EBF376E2A79FFC2007B5329 /* SettingsViewController.swift in Sources */ = {isa = PBXBuildFile; fileRef = 9EBF376D2A79FFC2007B5329 /* SettingsViewController.swift */; };
		9EC08A052A7B2E9800B7BFC0 /* AppSetting.swift in Sources */ = {isa = PBXBuildFile; fileRef = 9EC08A042A7B2E9800B7BFC0 /* AppSetting.swift */; };
/* End PBXBuildFile section */

/* Begin PBXFileReference section */
		9E8FCDC82A78CB2800A78BED /* WaterTracker.app */ = {isa = PBXFileReference; explicitFileType = wrapper.application; includeInIndex = 0; path = WaterTracker.app; sourceTree = BUILT_PRODUCTS_DIR; };
		9E8FCDCB2A78CB2800A78BED /* AppDelegate.swift */ = {isa = PBXFileReference; lastKnownFileType = sourcecode.swift; path = AppDelegate.swift; sourceTree = "<group>"; };
		9E8FCDCD2A78CB2800A78BED /* SceneDelegate.swift */ = {isa = PBXFileReference; lastKnownFileType = sourcecode.swift; path = SceneDelegate.swift; sourceTree = "<group>"; };
		9E8FCDCF2A78CB2800A78BED /* ViewController.swift */ = {isa = PBXFileReference; lastKnownFileType = sourcecode.swift; path = ViewController.swift; sourceTree = "<group>"; };
		9E8FCDD42A78CB2C00A78BED /* Assets.xcassets */ = {isa = PBXFileReference; lastKnownFileType = folder.assetcatalog; path = Assets.xcassets; sourceTree = "<group>"; };
		9E8FCDD72A78CB2C00A78BED /* Base */ = {isa = PBXFileReference; lastKnownFileType = file.storyboard; name = Base; path = Base.lproj/LaunchScreen.storyboard; sourceTree = "<group>"; };
		9E8FCDD92A78CB2C00A78BED /* Info.plist */ = {isa = PBXFileReference; lastKnownFileType = text.plist.xml; path = Info.plist; sourceTree = "<group>"; };
		9E8FCDE12A78CD9300A78BED /* WaterView.swift */ = {isa = PBXFileReference; lastKnownFileType = sourcecode.swift; path = WaterView.swift; sourceTree = "<group>"; };
		9E8FCDE52A78D42900A78BED /* DateExtension.swift */ = {isa = PBXFileReference; lastKnownFileType = sourcecode.swift; name = DateExtension.swift; path = WaterTracker/Views/DateExtension.swift; sourceTree = SOURCE_ROOT; };
		9E8FCDE72A78E0CB00A78BED /* WaterDataManager.swift */ = {isa = PBXFileReference; lastKnownFileType = sourcecode.swift; path = WaterDataManager.swift; sourceTree = "<group>"; };
		9EBF376B2A79FF3B007B5329 /* SettingsView.swift */ = {isa = PBXFileReference; lastKnownFileType = sourcecode.swift; path = SettingsView.swift; sourceTree = "<group>"; };
		9EBF376D2A79FFC2007B5329 /* SettingsViewController.swift */ = {isa = PBXFileReference; lastKnownFileType = sourcecode.swift; path = SettingsViewController.swift; sourceTree = "<group>"; };
		9EC08A042A7B2E9800B7BFC0 /* AppSetting.swift */ = {isa = PBXFileReference; lastKnownFileType = sourcecode.swift; path = AppSetting.swift; sourceTree = "<group>"; };
/* End PBXFileReference section */

/* Begin PBXFrameworksBuildPhase section */
		9E8FCDC52A78CB2800A78BED /* Frameworks */ = {
			isa = PBXFrameworksBuildPhase;
			buildActionMask = 2147483647;
			files = (
			);
			runOnlyForDeploymentPostprocessing = 0;
		};
/* End PBXFrameworksBuildPhase section */

/* Begin PBXGroup section */
		9E8FCDBF2A78CB2800A78BED = {
			isa = PBXGroup;
			children = (
				9E8FCDCA2A78CB2800A78BED /* WaterTracker */,
				9E8FCDC92A78CB2800A78BED /* Products */,
			);
			sourceTree = "<group>";
		};
		9E8FCDC92A78CB2800A78BED /* Products */ = {
			isa = PBXGroup;
			children = (
				9E8FCDC82A78CB2800A78BED /* WaterTracker.app */,
			);
			name = Products;
			sourceTree = "<group>";
		};
		9E8FCDCA2A78CB2800A78BED /* WaterTracker */ = {
			isa = PBXGroup;
			children = (
				9E8FCDCB2A78CB2800A78BED /* AppDelegate.swift */,
				9E8FCDCD2A78CB2800A78BED /* SceneDelegate.swift */,
				9E8FCDE02A78CD3F00A78BED /* Views */,
				9E8FCDDF2A78CD3700A78BED /* ViewControllers */,
				9E8FCDE32A78D3D400A78BED /* Models */,
				9E8FCDE42A78D41600A78BED /* Extensions  */,
				9EC08A032A7B2E8100B7BFC0 /* Settings */,
				9E8FCDD42A78CB2C00A78BED /* Assets.xcassets */,
				9E8FCDD62A78CB2C00A78BED /* LaunchScreen.storyboard */,
				9E8FCDD92A78CB2C00A78BED /* Info.plist */,
			);
			path = WaterTracker;
			sourceTree = "<group>";
		};
		9E8FCDDF2A78CD3700A78BED /* ViewControllers */ = {
			isa = PBXGroup;
			children = (
				9E8FCDCF2A78CB2800A78BED /* ViewController.swift */,
				9EBF376D2A79FFC2007B5329 /* SettingsViewController.swift */,
			);
			path = ViewControllers;
			sourceTree = "<group>";
		};
		9E8FCDE02A78CD3F00A78BED /* Views */ = {
			isa = PBXGroup;
			children = (
				9E8FCDE12A78CD9300A78BED /* WaterView.swift */,
				9EBF376B2A79FF3B007B5329 /* SettingsView.swift */,
			);
			path = Views;
			sourceTree = "<group>";
		};
		9E8FCDE32A78D3D400A78BED /* Models */ = {
			isa = PBXGroup;
			children = (
				9E8FCDE72A78E0CB00A78BED /* WaterDataManager.swift */,
			);
			path = Models;
			sourceTree = "<group>";
		};
		9E8FCDE42A78D41600A78BED /* Extensions  */ = {
			isa = PBXGroup;
			children = (
				9E8FCDE52A78D42900A78BED /* DateExtension.swift */,
			);
			path = "Extensions ";
			sourceTree = "<group>";
		};
		9EC08A032A7B2E8100B7BFC0 /* Settings */ = {
			isa = PBXGroup;
			children = (
				9EC08A042A7B2E9800B7BFC0 /* AppSetting.swift */,
			);
			path = Settings;
			sourceTree = "<group>";
		};
/* End PBXGroup section */

/* Begin PBXNativeTarget section */
		9E8FCDC72A78CB2800A78BED /* WaterTracker */ = {
			isa = PBXNativeTarget;
			buildConfigurationList = 9E8FCDDC2A78CB2C00A78BED /* Build configuration list for PBXNativeTarget "WaterTracker" */;
			buildPhases = (
				9E8FCDC42A78CB2800A78BED /* Sources */,
				9E8FCDC52A78CB2800A78BED /* Frameworks */,
				9E8FCDC62A78CB2800A78BED /* Resources */,
			);
			buildRules = (
			);
			dependencies = (
			);
			name = WaterTracker;
			productName = WaterTracker;
			productReference = 9E8FCDC82A78CB2800A78BED /* WaterTracker.app */;
			productType = "com.apple.product-type.application";
		};
/* End PBXNativeTarget section */

/* Begin PBXProject section */
		9E8FCDC02A78CB2800A78BED /* Project object */ = {
			isa = PBXProject;
			attributes = {
				BuildIndependentTargetsInParallel = 1;
				LastSwiftUpdateCheck = 1500;
				LastUpgradeCheck = 1500;
				TargetAttributes = {
					9E8FCDC72A78CB2800A78BED = {
						CreatedOnToolsVersion = 15.0;
					};
				};
			};
			buildConfigurationList = 9E8FCDC32A78CB2800A78BED /* Build configuration list for PBXProject "WaterTracker" */;
			compatibilityVersion = "Xcode 14.0";
			developmentRegion = en;
			hasScannedForEncodings = 0;
			knownRegions = (
				en,
				Base,
			);
			mainGroup = 9E8FCDBF2A78CB2800A78BED;
			productRefGroup = 9E8FCDC92A78CB2800A78BED /* Products */;
			projectDirPath = "";
			projectRoot = "";
			targets = (
				9E8FCDC72A78CB2800A78BED /* WaterTracker */,
			);
		};
/* End PBXProject section */

/* Begin PBXResourcesBuildPhase section */
		9E8FCDC62A78CB2800A78BED /* Resources */ = {
			isa = PBXResourcesBuildPhase;
			buildActionMask = 2147483647;
			files = (
				9E8FCDD82A78CB2C00A78BED /* LaunchScreen.storyboard in Resources */,
				9E8FCDD52A78CB2C00A78BED /* Assets.xcassets in Resources */,
			);
			runOnlyForDeploymentPostprocessing = 0;
		};
/* End PBXResourcesBuildPhase section */

/* Begin PBXSourcesBuildPhase section */
		9E8FCDC42A78CB2800A78BED /* Sources */ = {
			isa = PBXSourcesBuildPhase;
			buildActionMask = 2147483647;
			files = (
				9EBF376C2A79FF3B007B5329 /* SettingsView.swift in Sources */,
				9E8FCDE22A78CD9300A78BED /* WaterView.swift in Sources */,
				9E8FCDE62A78D42900A78BED /* DateExtension.swift in Sources */,
				9E8FCDD02A78CB2800A78BED /* ViewController.swift in Sources */,
				9E8FCDCC2A78CB2800A78BED /* AppDelegate.swift in Sources */,
				9EC08A052A7B2E9800B7BFC0 /* AppSetting.swift in Sources */,
				9E8FCDCE2A78CB2800A78BED /* SceneDelegate.swift in Sources */,
				9E8FCDE82A78E0CB00A78BED /* WaterDataManager.swift in Sources */,
				9EBF376E2A79FFC2007B5329 /* SettingsViewController.swift in Sources */,
			);
			runOnlyForDeploymentPostprocessing = 0;
		};
/* End PBXSourcesBuildPhase section */

/* Begin PBXVariantGroup section */
		9E8FCDD62A78CB2C00A78BED /* LaunchScreen.storyboard */ = {
			isa = PBXVariantGroup;
			children = (
				9E8FCDD72A78CB2C00A78BED /* Base */,
			);
			name = LaunchScreen.storyboard;
			sourceTree = "<group>";
		};
/* End PBXVariantGroup section */

/* Begin XCBuildConfiguration section */
		9E8FCDDA2A78CB2C00A78BED /* Debug */ = {
			isa = XCBuildConfiguration;
			buildSettings = {
				ALWAYS_SEARCH_USER_PATHS = NO;
				ASSETCATALOG_COMPILER_GENERATE_SWIFT_ASSET_SYMBOL_EXTENSIONS = YES;
				CLANG_ANALYZER_NONNULL = YES;
				CLANG_ANALYZER_NUMBER_OBJECT_CONVERSION = YES_AGGRESSIVE;
				CLANG_CXX_LANGUAGE_STANDARD = "gnu++20";
				CLANG_ENABLE_MODULES = YES;
				CLANG_ENABLE_OBJC_ARC = YES;
				CLANG_ENABLE_OBJC_WEAK = YES;
				CLANG_WARN_BLOCK_CAPTURE_AUTORELEASING = YES;
				CLANG_WARN_BOOL_CONVERSION = YES;
				CLANG_WARN_COMMA = YES;
				CLANG_WARN_CONSTANT_CONVERSION = YES;
				CLANG_WARN_DEPRECATED_OBJC_IMPLEMENTATIONS = YES;
				CLANG_WARN_DIRECT_OBJC_ISA_USAGE = YES_ERROR;
				CLANG_WARN_DOCUMENTATION_COMMENTS = YES;
				CLANG_WARN_EMPTY_BODY = YES;
				CLANG_WARN_ENUM_CONVERSION = YES;
				CLANG_WARN_INFINITE_RECURSION = YES;
				CLANG_WARN_INT_CONVERSION = YES;
				CLANG_WARN_NON_LITERAL_NULL_CONVERSION = YES;
				CLANG_WARN_OBJC_IMPLICIT_RETAIN_SELF = YES;
				CLANG_WARN_OBJC_LITERAL_CONVERSION = YES;
				CLANG_WARN_OBJC_ROOT_CLASS = YES_ERROR;
				CLANG_WARN_QUOTED_INCLUDE_IN_FRAMEWORK_HEADER = YES;
				CLANG_WARN_RANGE_LOOP_ANALYSIS = YES;
				CLANG_WARN_STRICT_PROTOTYPES = YES;
				CLANG_WARN_SUSPICIOUS_MOVE = YES;
				CLANG_WARN_UNGUARDED_AVAILABILITY = YES_AGGRESSIVE;
				CLANG_WARN_UNREACHABLE_CODE = YES;
				CLANG_WARN__DUPLICATE_METHOD_MATCH = YES;
				COPY_PHASE_STRIP = NO;
				DEBUG_INFORMATION_FORMAT = dwarf;
				ENABLE_STRICT_OBJC_MSGSEND = YES;
				ENABLE_TESTABILITY = YES;
				ENABLE_USER_SCRIPT_SANDBOXING = YES;
				GCC_C_LANGUAGE_STANDARD = gnu17;
				GCC_DYNAMIC_NO_PIC = NO;
				GCC_NO_COMMON_BLOCKS = YES;
				GCC_OPTIMIZATION_LEVEL = 0;
				GCC_PREPROCESSOR_DEFINITIONS = (
					"DEBUG=1",
					"$(inherited)",
				);
				GCC_WARN_64_TO_32_BIT_CONVERSION = YES;
				GCC_WARN_ABOUT_RETURN_TYPE = YES_ERROR;
				GCC_WARN_UNDECLARED_SELECTOR = YES;
				GCC_WARN_UNINITIALIZED_AUTOS = YES_AGGRESSIVE;
				GCC_WARN_UNUSED_FUNCTION = YES;
				GCC_WARN_UNUSED_VARIABLE = YES;
				IPHONEOS_DEPLOYMENT_TARGET = 17.0;
				LOCALIZATION_PREFERS_STRING_CATALOGS = YES;
				MTL_ENABLE_DEBUG_INFO = INCLUDE_SOURCE;
				MTL_FAST_MATH = YES;
				ONLY_ACTIVE_ARCH = YES;
				SDKROOT = iphoneos;
				SWIFT_ACTIVE_COMPILATION_CONDITIONS = "DEBUG $(inherited)";
				SWIFT_OPTIMIZATION_LEVEL = "-Onone";
			};
			name = Debug;
		};
		9E8FCDDB2A78CB2C00A78BED /* Release */ = {
			isa = XCBuildConfiguration;
			buildSettings = {
				ALWAYS_SEARCH_USER_PATHS = NO;
				ASSETCATALOG_COMPILER_GENERATE_SWIFT_ASSET_SYMBOL_EXTENSIONS = YES;
				CLANG_ANALYZER_NONNULL = YES;
				CLANG_ANALYZER_NUMBER_OBJECT_CONVERSION = YES_AGGRESSIVE;
				CLANG_CXX_LANGUAGE_STANDARD = "gnu++20";
				CLANG_ENABLE_MODULES = YES;
				CLANG_ENABLE_OBJC_ARC = YES;
				CLANG_ENABLE_OBJC_WEAK = YES;
				CLANG_WARN_BLOCK_CAPTURE_AUTORELEASING = YES;
				CLANG_WARN_BOOL_CONVERSION = YES;
				CLANG_WARN_COMMA = YES;
				CLANG_WARN_CONSTANT_CONVERSION = YES;
				CLANG_WARN_DEPRECATED_OBJC_IMPLEMENTATIONS = YES;
				CLANG_WARN_DIRECT_OBJC_ISA_USAGE = YES_ERROR;
				CLANG_WARN_DOCUMENTATION_COMMENTS = YES;
				CLANG_WARN_EMPTY_BODY = YES;
				CLANG_WARN_ENUM_CONVERSION = YES;
				CLANG_WARN_INFINITE_RECURSION = YES;
				CLANG_WARN_INT_CONVERSION = YES;
				CLANG_WARN_NON_LITERAL_NULL_CONVERSION = YES;
				CLANG_WARN_OBJC_IMPLICIT_RETAIN_SELF = YES;
				CLANG_WARN_OBJC_LITERAL_CONVERSION = YES;
				CLANG_WARN_OBJC_ROOT_CLASS = YES_ERROR;
				CLANG_WARN_QUOTED_INCLUDE_IN_FRAMEWORK_HEADER = YES;
				CLANG_WARN_RANGE_LOOP_ANALYSIS = YES;
				CLANG_WARN_STRICT_PROTOTYPES = YES;
				CLANG_WARN_SUSPICIOUS_MOVE = YES;
				CLANG_WARN_UNGUARDED_AVAILABILITY = YES_AGGRESSIVE;
				CLANG_WARN_UNREACHABLE_CODE = YES;
				CLANG_WARN__DUPLICATE_METHOD_MATCH = YES;
				COPY_PHASE_STRIP = NO;
				DEBUG_INFORMATION_FORMAT = "dwarf-with-dsym";
				ENABLE_NS_ASSERTIONS = NO;
				ENABLE_STRICT_OBJC_MSGSEND = YES;
				ENABLE_USER_SCRIPT_SANDBOXING = YES;
				GCC_C_LANGUAGE_STANDARD = gnu17;
				GCC_NO_COMMON_BLOCKS = YES;
				GCC_WARN_64_TO_32_BIT_CONVERSION = YES;
				GCC_WARN_ABOUT_RETURN_TYPE = YES_ERROR;
				GCC_WARN_UNDECLARED_SELECTOR = YES;
				GCC_WARN_UNINITIALIZED_AUTOS = YES_AGGRESSIVE;
				GCC_WARN_UNUSED_FUNCTION = YES;
				GCC_WARN_UNUSED_VARIABLE = YES;
				IPHONEOS_DEPLOYMENT_TARGET = 17.0;
				LOCALIZATION_PREFERS_STRING_CATALOGS = YES;
				MTL_ENABLE_DEBUG_INFO = NO;
				MTL_FAST_MATH = YES;
				SDKROOT = iphoneos;
				SWIFT_COMPILATION_MODE = wholemodule;
				VALIDATE_PRODUCT = YES;
			};
			name = Release;
		};
		9E8FCDDD2A78CB2C00A78BED /* Debug */ = {
			isa = XCBuildConfiguration;
			buildSettings = {
				ASSETCATALOG_COMPILER_APPICON_NAME = AppIcon;
				ASSETCATALOG_COMPILER_GLOBAL_ACCENT_COLOR_NAME = AccentColor;
				CODE_SIGN_STYLE = Automatic;
				CURRENT_PROJECT_VERSION = 1;
				DEVELOPMENT_TEAM = 4DQM269FVB;
				GENERATE_INFOPLIST_FILE = YES;
				INFOPLIST_FILE = WaterTracker/Info.plist;
				INFOPLIST_KEY_UIApplicationSupportsIndirectInputEvents = YES;
				INFOPLIST_KEY_UILaunchStoryboardName = LaunchScreen;
				INFOPLIST_KEY_UIMainStoryboardFile = "";
				INFOPLIST_KEY_UISupportedInterfaceOrientations_iPad = "UIInterfaceOrientationPortrait UIInterfaceOrientationPortraitUpsideDown UIInterfaceOrientationLandscapeLeft UIInterfaceOrientationLandscapeRight";
				INFOPLIST_KEY_UISupportedInterfaceOrientations_iPhone = "UIInterfaceOrientationPortrait UIInterfaceOrientationLandscapeLeft UIInterfaceOrientationLandscapeRight";
				IPHONEOS_DEPLOYMENT_TARGET = 16.0;
				LD_RUNPATH_SEARCH_PATHS = (
					"$(inherited)",
					"@executable_path/Frameworks",
				);
				MARKETING_VERSION = 1.0;
				PRODUCT_BUNDLE_IDENTIFIER = "zizi-Kim.WaterTracker";
				PRODUCT_NAME = "$(TARGET_NAME)";
				SWIFT_EMIT_LOC_STRINGS = YES;
				SWIFT_VERSION = 5.0;
				TARGETED_DEVICE_FAMILY = "1,2";
			};
			name = Debug;
		};
		9E8FCDDE2A78CB2C00A78BED /* Release */ = {
			isa = XCBuildConfiguration;
			buildSettings = {
				ASSETCATALOG_COMPILER_APPICON_NAME = AppIcon;
				ASSETCATALOG_COMPILER_GLOBAL_ACCENT_COLOR_NAME = AccentColor;
				CODE_SIGN_STYLE = Automatic;
				CURRENT_PROJECT_VERSION = 1;
				DEVELOPMENT_TEAM = 4DQM269FVB;
				GENERATE_INFOPLIST_FILE = YES;
				INFOPLIST_FILE = WaterTracker/Info.plist;
				INFOPLIST_KEY_UIApplicationSupportsIndirectInputEvents = YES;
				INFOPLIST_KEY_UILaunchStoryboardName = LaunchScreen;
				INFOPLIST_KEY_UIMainStoryboardFile = "";
				INFOPLIST_KEY_UISupportedInterfaceOrientations_iPad = "UIInterfaceOrientationPortrait UIInterfaceOrientationPortraitUpsideDown UIInterfaceOrientationLandscapeLeft UIInterfaceOrientationLandscapeRight";
				INFOPLIST_KEY_UISupportedInterfaceOrientations_iPhone = "UIInterfaceOrientationPortrait UIInterfaceOrientationLandscapeLeft UIInterfaceOrientationLandscapeRight";
				IPHONEOS_DEPLOYMENT_TARGET = 16.0;
				LD_RUNPATH_SEARCH_PATHS = (
					"$(inherited)",
					"@executable_path/Frameworks",
				);
				MARKETING_VERSION = 1.0;
				PRODUCT_BUNDLE_IDENTIFIER = "zizi-Kim.WaterTracker";
				PRODUCT_NAME = "$(TARGET_NAME)";
				SWIFT_EMIT_LOC_STRINGS = YES;
				SWIFT_VERSION = 5.0;
				TARGETED_DEVICE_FAMILY = "1,2";
			};
			name = Release;
		};
/* End XCBuildConfiguration section */

/* Begin XCConfigurationList section */
		9E8FCDC32A78CB2800A78BED /* Build configuration list for PBXProject "WaterTracker" */ = {
			isa = XCConfigurationList;
			buildConfigurations = (
				9E8FCDDA2A78CB2C00A78BED /* Debug */,
				9E8FCDDB2A78CB2C00A78BED /* Release */,
			);
			defaultConfigurationIsVisible = 0;
			defaultConfigurationName = Release;
		};
		9E8FCDDC2A78CB2C00A78BED /* Build configuration list for PBXNativeTarget "WaterTracker" */ = {
			isa = XCConfigurationList;
			buildConfigurations = (
				9E8FCDDD2A78CB2C00A78BED /* Debug */,
				9E8FCDDE2A78CB2C00A78BED /* Release */,
			);
			defaultConfigurationIsVisible = 0;
			defaultConfigurationName = Release;
		};
/* End XCConfigurationList section */
	};
	rootObject = 9E8FCDC02A78CB2800A78BED /* Project object */;
}
